
Microsoft Visual Studio Solution File, Format Version 12.00
# Visual Studio Version 16
VisualStudioVersion = 16.0.31129.286
MinimumVisualStudioVersion = 10.0.40219.1
Project("{FAE04EC0-301F-11D3-BF4B-00C04F79EFBC}") = "MVCDemo", "MVCDemo\MVCDemo.csproj", "{718ED340-9CF8-4AF6-A14C-6D91CA0B4CD2}"
EndProject
Global
	GlobalSection(SolutionConfigurationPlatforms) = preSolution
		Debug|Any CPU = Debug|Any CPU
		Release|Any CPU = Release|Any CPU
	EndGlobalSection
	GlobalSection(ProjectConfigurationPlatforms) = postSolution
		{718ED340-9CF8-4AF6-A14C-6D91CA0B4CD2}.Debug|Any CPU.ActiveCfg = Debug|Any CPU
		{718ED340-9CF8-4AF6-A14C-6D91CA0B4CD2}.Debug|Any CPU.Build.0 = Debug|Any CPU
		{718ED340-9CF8-4AF6-A14C-6D91CA0B4CD2}.Release|Any CPU.ActiveCfg = Release|Any CPU
		{718ED340-9CF8-4AF6-A14C-6D91CA0B4CD2}.Release|Any CPU.Build.0 = Release|Any CPU
	EndGlobalSection
	GlobalSection(SolutionProperties) = preSolution
		HideSolutionNode = FALSE
	EndGlobalSection
	GlobalSection(ExtensibilityGlobals) = postSolution
		SolutionGuid = {3C205A5C-2306-4033-9C4C-01A220AAFBE2}
	EndGlobalSection
EndGlobal
