
Microsoft Visual Studio Solution File, Format Version 12.00
# Visual Studio Version 16
VisualStudioVersion = 16.0.31025.194
MinimumVisualStudioVersion = 10.0.40219.1
Project("{FAE04EC0-301F-11D3-BF4B-00C04F79EFBC}") = "Ejemplo7", "Ejemplo7\Ejemplo7.csproj", "{D748749B-C5C1-470D-9F1F-5FEDEB96F272}"
EndProject
Global
	GlobalSection(SolutionConfigurationPlatforms) = preSolution
		Debug|Any CPU = Debug|Any CPU
		Release|Any CPU = Release|Any CPU
	EndGlobalSection
	GlobalSection(ProjectConfigurationPlatforms) = postSolution
		{D748749B-C5C1-470D-9F1F-5FEDEB96F272}.Debug|Any CPU.ActiveCfg = Debug|Any CPU
		{D748749B-C5C1-470D-9F1F-5FEDEB96F272}.Debug|Any CPU.Build.0 = Debug|Any CPU
		{D748749B-C5C1-470D-9F1F-5FEDEB96F272}.Release|Any CPU.ActiveCfg = Release|Any CPU
		{D748749B-C5C1-470D-9F1F-5FEDEB96F272}.Release|Any CPU.Build.0 = Release|Any CPU
	EndGlobalSection
	GlobalSection(SolutionProperties) = preSolution
		HideSolutionNode = FALSE
	EndGlobalSection
	GlobalSection(ExtensibilityGlobals) = postSolution
		SolutionGuid = {D3A53395-2396-4082-B748-347379AD5782}
	EndGlobalSection
EndGlobal
