
Microsoft Visual Studio Solution File, Format Version 12.00
# Visual Studio Version 16
VisualStudioVersion = 16.0.31025.194
MinimumVisualStudioVersion = 10.0.40219.1
Project("{FAE04EC0-301F-11D3-BF4B-00C04F79EFBC}") = "Ejemplo2", "Ejemplo2\Ejemplo2.csproj", "{0530C197-89AE-4042-AE4A-8F723DC1E234}"
EndProject
Global
	GlobalSection(SolutionConfigurationPlatforms) = preSolution
		Debug|Any CPU = Debug|Any CPU
		Release|Any CPU = Release|Any CPU
	EndGlobalSection
	GlobalSection(ProjectConfigurationPlatforms) = postSolution
		{0530C197-89AE-4042-AE4A-8F723DC1E234}.Debug|Any CPU.ActiveCfg = Debug|Any CPU
		{0530C197-89AE-4042-AE4A-8F723DC1E234}.Debug|Any CPU.Build.0 = Debug|Any CPU
		{0530C197-89AE-4042-AE4A-8F723DC1E234}.Release|Any CPU.ActiveCfg = Release|Any CPU
		{0530C197-89AE-4042-AE4A-8F723DC1E234}.Release|Any CPU.Build.0 = Release|Any CPU
	EndGlobalSection
	GlobalSection(SolutionProperties) = preSolution
		HideSolutionNode = FALSE
	EndGlobalSection
	GlobalSection(ExtensibilityGlobals) = postSolution
		SolutionGuid = {493DCC20-2EA1-4028-A32C-C24570588A41}
	EndGlobalSection
EndGlobal
