
Microsoft Visual Studio Solution File, Format Version 12.00
# Visual Studio Version 16
VisualStudioVersion = 16.0.31321.278
MinimumVisualStudioVersion = 10.0.40219.1
Project("{FAE04EC0-301F-11D3-BF4B-00C04F79EFBC}") = "Reporte1", "Reporte1\Reporte1.csproj", "{8ADFB249-47E9-4E99-8B4D-A9835B3BFE47}"
EndProject
Global
	GlobalSection(SolutionConfigurationPlatforms) = preSolution
		Debug|Any CPU = Debug|Any CPU
		Release|Any CPU = Release|Any CPU
	EndGlobalSection
	GlobalSection(ProjectConfigurationPlatforms) = postSolution
		{8ADFB249-47E9-4E99-8B4D-A9835B3BFE47}.Debug|Any CPU.ActiveCfg = Debug|Any CPU
		{8ADFB249-47E9-4E99-8B4D-A9835B3BFE47}.Debug|Any CPU.Build.0 = Debug|Any CPU
		{8ADFB249-47E9-4E99-8B4D-A9835B3BFE47}.Release|Any CPU.ActiveCfg = Release|Any CPU
		{8ADFB249-47E9-4E99-8B4D-A9835B3BFE47}.Release|Any CPU.Build.0 = Release|Any CPU
	EndGlobalSection
	GlobalSection(SolutionProperties) = preSolution
		HideSolutionNode = FALSE
	EndGlobalSection
	GlobalSection(ExtensibilityGlobals) = postSolution
		SolutionGuid = {2AD2B522-645F-4A28-BDE3-B5EC1AE577C8}
	EndGlobalSection
EndGlobal
