
Microsoft Visual Studio Solution File, Format Version 12.00
# Visual Studio Version 16
VisualStudioVersion = 16.0.31129.286
MinimumVisualStudioVersion = 10.0.40219.1
Project("{FAE04EC0-301F-11D3-BF4B-00C04F79EFBC}") = "Ejemplo1MVC", "Ejemplo1MVC\Ejemplo1MVC.csproj", "{BB897861-B6B3-4B94-A542-0B29F8C45588}"
EndProject
Global
	GlobalSection(SolutionConfigurationPlatforms) = preSolution
		Debug|Any CPU = Debug|Any CPU
		Release|Any CPU = Release|Any CPU
	EndGlobalSection
	GlobalSection(ProjectConfigurationPlatforms) = postSolution
		{BB897861-B6B3-4B94-A542-0B29F8C45588}.Debug|Any CPU.ActiveCfg = Debug|Any CPU
		{BB897861-B6B3-4B94-A542-0B29F8C45588}.Debug|Any CPU.Build.0 = Debug|Any CPU
		{BB897861-B6B3-4B94-A542-0B29F8C45588}.Release|Any CPU.ActiveCfg = Release|Any CPU
		{BB897861-B6B3-4B94-A542-0B29F8C45588}.Release|Any CPU.Build.0 = Release|Any CPU
	EndGlobalSection
	GlobalSection(SolutionProperties) = preSolution
		HideSolutionNode = FALSE
	EndGlobalSection
	GlobalSection(ExtensibilityGlobals) = postSolution
		SolutionGuid = {B6C99026-5268-431B-BF86-F627AAF23F4B}
	EndGlobalSection
EndGlobal
