
Microsoft Visual Studio Solution File, Format Version 12.00
# Visual Studio Version 16
VisualStudioVersion = 16.0.31129.286
MinimumVisualStudioVersion = 10.0.40219.1
Project("{FAE04EC0-301F-11D3-BF4B-00C04F79EFBC}") = "MVCPaises", "MVCPaises\MVCPaises.csproj", "{B9DE54CA-E66A-4617-8814-E1FEA1B0CEE7}"
EndProject
Global
	GlobalSection(SolutionConfigurationPlatforms) = preSolution
		Debug|Any CPU = Debug|Any CPU
		Release|Any CPU = Release|Any CPU
	EndGlobalSection
	GlobalSection(ProjectConfigurationPlatforms) = postSolution
		{B9DE54CA-E66A-4617-8814-E1FEA1B0CEE7}.Debug|Any CPU.ActiveCfg = Debug|Any CPU
		{B9DE54CA-E66A-4617-8814-E1FEA1B0CEE7}.Debug|Any CPU.Build.0 = Debug|Any CPU
		{B9DE54CA-E66A-4617-8814-E1FEA1B0CEE7}.Release|Any CPU.ActiveCfg = Release|Any CPU
		{B9DE54CA-E66A-4617-8814-E1FEA1B0CEE7}.Release|Any CPU.Build.0 = Release|Any CPU
	EndGlobalSection
	GlobalSection(SolutionProperties) = preSolution
		HideSolutionNode = FALSE
	EndGlobalSection
	GlobalSection(ExtensibilityGlobals) = postSolution
		SolutionGuid = {F480ED8C-439B-4958-8E64-20EE6CDB78A7}
	EndGlobalSection
EndGlobal
